
Microsoft Visual Studio Solution File, Format Version 12.00
# Visual Studio Version 17
VisualStudioVersion = 17.8.34511.84
MinimumVisualStudioVersion = 10.0.40219.1
Project("{FAE04EC0-301F-11D3-BF4B-00C04F79EFBC}") = "Calculator", "Calculator\Calculator.csproj", "{C2876647-83BB-484F-B1D5-01F2E58F71DA}"
EndProject
Global
	GlobalSection(SolutionConfigurationPlatforms) = preSolution
		Debug|Any CPU = Debug|Any CPU
		Release|Any CPU = Release|Any CPU
	EndGlobalSection
	GlobalSection(ProjectConfigurationPlatforms) = postSolution
		{C2876647-83BB-484F-B1D5-01F2E58F71DA}.Debug|Any CPU.ActiveCfg = Debug|Any CPU
		{C2876647-83BB-484F-B1D5-01F2E58F71DA}.Debug|Any CPU.Build.0 = Debug|Any CPU
		{C2876647-83BB-484F-B1D5-01F2E58F71DA}.Release|Any CPU.ActiveCfg = Release|Any CPU
		{C2876647-83BB-484F-B1D5-01F2E58F71DA}.Release|Any CPU.Build.0 = Release|Any CPU
	EndGlobalSection
	GlobalSection(SolutionProperties) = preSolution
		HideSolutionNode = FALSE
	EndGlobalSection
	GlobalSection(ExtensibilityGlobals) = postSolution
		SolutionGuid = {87CA76E3-5B5E-4436-BFFA-971D92D985CA}
	EndGlobalSection
EndGlobal
